
Microsoft Visual Studio Solution File, Format Version 12.00
# Visual Studio 15
VisualStudioVersion = 15.0.28307.329
MinimumVisualStudioVersion = 10.0.40219.1
Project("{8BC9CEB8-8B4A-11D0-8D11-00A0C91BC942}") = "AlgIIEx5", "AlgIIEx5\AlgIIEx5.vcxproj", "{E942EC26-F679-4132-9881-532859BEB24B}"
EndProject
Global
	GlobalSection(SolutionConfigurationPlatforms) = preSolution
		Debug|x64 = Debug|x64
		Debug|x86 = Debug|x86
		Release|x64 = Release|x64
		Release|x86 = Release|x86
	EndGlobalSection
	GlobalSection(ProjectConfigurationPlatforms) = postSolution
		{E942EC26-F679-4132-9881-532859BEB24B}.Debug|x64.ActiveCfg = Debug|x64
		{E942EC26-F679-4132-9881-532859BEB24B}.Debug|x64.Build.0 = Debug|x64
		{E942EC26-F679-4132-9881-532859BEB24B}.Debug|x86.ActiveCfg = Debug|Win32
		{E942EC26-F679-4132-9881-532859BEB24B}.Debug|x86.Build.0 = Debug|Win32
		{E942EC26-F679-4132-9881-532859BEB24B}.Release|x64.ActiveCfg = Release|x64
		{E942EC26-F679-4132-9881-532859BEB24B}.Release|x64.Build.0 = Release|x64
		{E942EC26-F679-4132-9881-532859BEB24B}.Release|x86.ActiveCfg = Release|Win32
		{E942EC26-F679-4132-9881-532859BEB24B}.Release|x86.Build.0 = Release|Win32
	EndGlobalSection
	GlobalSection(SolutionProperties) = preSolution
		HideSolutionNode = FALSE
	EndGlobalSection
	GlobalSection(ExtensibilityGlobals) = postSolution
		SolutionGuid = {6D774123-8F0E-45DF-84E5-1BD9B061F9E1}
	EndGlobalSection
EndGlobal
